
Microsoft Visual Studio Solution File, Format Version 12.00
# Visual Studio Version 17
VisualStudioVersion = 17.4.33205.214
MinimumVisualStudioVersion = 10.0.40219.1
Project("{FAE04EC0-301F-11D3-BF4B-00C04F79EFBC}") = "UI", "UI\UI.csproj", "{8B32C6C4-5A67-442B-B7FE-1F75DC37B98E}"
EndProject
Project("{FAE04EC0-301F-11D3-BF4B-00C04F79EFBC}") = "DAL", "DAL\DAL.csproj", "{ADEBF3EE-F0E3-411D-935C-0DDDB75DBF26}"
EndProject
Project("{FAE04EC0-301F-11D3-BF4B-00C04F79EFBC}") = "BLL", "BLL\BLL.csproj", "{868B0942-2640-42A9-91EC-E8F6B2085BDC}"
EndProject
Project("{FAE04EC0-301F-11D3-BF4B-00C04F79EFBC}") = "Utils", "Utils\Utils.csproj", "{90B7DF7A-F103-460E-ADE3-D1799B22ACC3}"
EndProject
Global
	GlobalSection(SolutionConfigurationPlatforms) = preSolution
		Debug|Any CPU = Debug|Any CPU
		Release|Any CPU = Release|Any CPU
	EndGlobalSection
	GlobalSection(ProjectConfigurationPlatforms) = postSolution
		{8B32C6C4-5A67-442B-B7FE-1F75DC37B98E}.Debug|Any CPU.ActiveCfg = Debug|Any CPU
		{8B32C6C4-5A67-442B-B7FE-1F75DC37B98E}.Debug|Any CPU.Build.0 = Debug|Any CPU
		{8B32C6C4-5A67-442B-B7FE-1F75DC37B98E}.Release|Any CPU.ActiveCfg = Release|Any CPU
		{8B32C6C4-5A67-442B-B7FE-1F75DC37B98E}.Release|Any CPU.Build.0 = Release|Any CPU
		{ADEBF3EE-F0E3-411D-935C-0DDDB75DBF26}.Debug|Any CPU.ActiveCfg = Debug|Any CPU
		{ADEBF3EE-F0E3-411D-935C-0DDDB75DBF26}.Debug|Any CPU.Build.0 = Debug|Any CPU
		{ADEBF3EE-F0E3-411D-935C-0DDDB75DBF26}.Release|Any CPU.ActiveCfg = Release|Any CPU
		{ADEBF3EE-F0E3-411D-935C-0DDDB75DBF26}.Release|Any CPU.Build.0 = Release|Any CPU
		{868B0942-2640-42A9-91EC-E8F6B2085BDC}.Debug|Any CPU.ActiveCfg = Debug|Any CPU
		{868B0942-2640-42A9-91EC-E8F6B2085BDC}.Debug|Any CPU.Build.0 = Debug|Any CPU
		{868B0942-2640-42A9-91EC-E8F6B2085BDC}.Release|Any CPU.ActiveCfg = Release|Any CPU
		{868B0942-2640-42A9-91EC-E8F6B2085BDC}.Release|Any CPU.Build.0 = Release|Any CPU
		{90B7DF7A-F103-460E-ADE3-D1799B22ACC3}.Debug|Any CPU.ActiveCfg = Debug|Any CPU
		{90B7DF7A-F103-460E-ADE3-D1799B22ACC3}.Debug|Any CPU.Build.0 = Debug|Any CPU
		{90B7DF7A-F103-460E-ADE3-D1799B22ACC3}.Release|Any CPU.ActiveCfg = Release|Any CPU
		{90B7DF7A-F103-460E-ADE3-D1799B22ACC3}.Release|Any CPU.Build.0 = Release|Any CPU
	EndGlobalSection
	GlobalSection(SolutionProperties) = preSolution
		HideSolutionNode = FALSE
	EndGlobalSection
	GlobalSection(ExtensibilityGlobals) = postSolution
		SolutionGuid = {9E3F7B6C-6F39-43D8-AAD7-3DEE6DD98BBD}
	EndGlobalSection
EndGlobal
